
Microsoft Visual Studio Solution File, Format Version 12.00
# Visual Studio 15
Project("{FAE04EC0-301F-11D3-BF4B-00C04F79EFBC}") = "Assembly-CSharp", "Assembly-CSharp.csproj", "{7073C8C8-BA7C-AE28-618B-D3DAB64B6688}"
EndProject
Global
	GlobalSection(SolutionConfigurationPlatforms) = preSolution
		Debug|Any CPU = Debug|Any CPU
		Release|Any CPU = Release|Any CPU
	EndGlobalSection
	GlobalSection(ProjectConfigurationPlatforms) = postSolution
		{7073C8C8-BA7C-AE28-618B-D3DAB64B6688}.Debug|Any CPU.ActiveCfg = Debug|Any CPU
		{7073C8C8-BA7C-AE28-618B-D3DAB64B6688}.Debug|Any CPU.Build.0 = Debug|Any CPU
		{7073C8C8-BA7C-AE28-618B-D3DAB64B6688}.Release|Any CPU.ActiveCfg = Release|Any CPU
		{7073C8C8-BA7C-AE28-618B-D3DAB64B6688}.Release|Any CPU.Build.0 = Release|Any CPU
	EndGlobalSection
	GlobalSection(SolutionProperties) = preSolution
		HideSolutionNode = FALSE
	EndGlobalSection
EndGlobal
